Microsoft Visual Studio Solution File, Format Version 12.00
# Visual Studio Version 17
VisualStudioVersion = 17.5.2.0
MinimumVisualStudioVersion = 10.0.40219.1
Project("{FAE04EC0-301F-11D3-BF4B-00C04F79EFBC}") = "Firstcore", "Firstcore.csproj", "{B4DB6798-E1B0-ED24-F608-D8C1209F2A41}"
EndProject
Global
	GlobalSection(SolutionConfigurationPlatforms) = preSolution
		Debug|Any CPU = Debug|Any CPU
		Release|Any CPU = Release|Any CPU
	EndGlobalSection
	GlobalSection(ProjectConfigurationPlatforms) = postSolution
		{B4DB6798-E1B0-ED24-F608-D8C1209F2A41}.Debug|Any CPU.ActiveCfg = Debug|Any CPU
		{B4DB6798-E1B0-ED24-F608-D8C1209F2A41}.Debug|Any CPU.Build.0 = Debug|Any CPU
		{B4DB6798-E1B0-ED24-F608-D8C1209F2A41}.Release|Any CPU.ActiveCfg = Release|Any CPU
		{B4DB6798-E1B0-ED24-F608-D8C1209F2A41}.Release|Any CPU.Build.0 = Release|Any CPU
	EndGlobalSection
	GlobalSection(SolutionProperties) = preSolution
		HideSolutionNode = FALSE
	EndGlobalSection
	GlobalSection(ExtensibilityGlobals) = postSolution
		SolutionGuid = {A84AB628-08DE-44E1-B923-1DC7A4EB60C6}
	EndGlobalSection
EndGlobal
